
Microsoft Visual Studio Solution File, Format Version 12.00
# Visual Studio Version 16
VisualStudioVersion = 16.0.35425.106
MinimumVisualStudioVersion = 10.0.40219.1
Project("{FAE04EC0-301F-11D3-BF4B-00C04F79EFBC}") = "WS.Report", "WS.Report\WS.Report.csproj", "{9FCF597F-9DAA-4315-ADB3-021A832FEC09}"
EndProject
Global
	GlobalSection(SolutionConfigurationPlatforms) = preSolution
		Debug|Any CPU = Debug|Any CPU
		Release|Any CPU = Release|Any CPU
	EndGlobalSection
	GlobalSection(ProjectConfigurationPlatforms) = postSolution
		{9FCF597F-9DAA-4315-ADB3-021A832FEC09}.Debug|Any CPU.ActiveCfg = Debug|Any CPU
		{9FCF597F-9DAA-4315-ADB3-021A832FEC09}.Debug|Any CPU.Build.0 = Debug|Any CPU
		{9FCF597F-9DAA-4315-ADB3-021A832FEC09}.Release|Any CPU.ActiveCfg = Release|Any CPU
		{9FCF597F-9DAA-4315-ADB3-021A832FEC09}.Release|Any CPU.Build.0 = Release|Any CPU
	EndGlobalSection
	GlobalSection(SolutionProperties) = preSolution
		HideSolutionNode = FALSE
	EndGlobalSection
	GlobalSection(ExtensibilityGlobals) = postSolution
		SolutionGuid = {9BC93263-3ABD-47D1-9DF2-1F0A87816246}
	EndGlobalSection
EndGlobal
